{
  "name": "corewar-hills-service",
  "version": "0.2.3-alpha.1",
  "lockfileVersion": 1,
  "requires": true,
  "dependencies": {
    "@azure/functions": {
      "version": "1.2.2",
      "resolved": "https://registry.npmjs.org/@azure/functions/-/functions-1.2.2.tgz",
      "integrity": "sha512-p/dDHq1sG/iAib+eDY4NxskWHoHW1WFzD85s0SfWxc2wVjJbxB0xz/zBF4s7ymjVgTu+0ceipeBk+tmpnt98oA==",
      "dev": true
    },
    "typescript": {
      "version": "3.9.5",
      "resolved": "https://registry.npmjs.org/typescript/-/typescript-3.9.5.tgz",
      "integrity": "sha512-hSAifV3k+i6lEoCJ2k6R2Z/rp/H3+8sdmcn5NrS3/3kE7+RyZXm9aqvxWqjEXHAd8b0pShatpcdMTvEdvAJltQ==",
      "dev": true
    }
  }
}
